
Microsoft Visual Studio Solution File, Format Version 12.00
# Visual Studio Version 17
VisualStudioVersion = 17.5.002.0
MinimumVisualStudioVersion = 10.0.40219.1
Project("{FAE04EC0-301F-11D3-BF4B-00C04F79EFBC}") = "OliverScheer.OpenApiSample", "OliverScheer.OpenApiSample\OliverScheer.OpenApiSample.csproj", "{7395F43C-A55F-4935-B59D-3B117157563F}"
EndProject
Global
	GlobalSection(SolutionConfigurationPlatforms) = preSolution
		Debug|Any CPU = Debug|Any CPU
		Release|Any CPU = Release|Any CPU
	EndGlobalSection
	GlobalSection(ProjectConfigurationPlatforms) = postSolution
		{7395F43C-A55F-4935-B59D-3B117157563F}.Debug|Any CPU.ActiveCfg = Debug|Any CPU
		{7395F43C-A55F-4935-B59D-3B117157563F}.Debug|Any CPU.Build.0 = Debug|Any CPU
		{7395F43C-A55F-4935-B59D-3B117157563F}.Release|Any CPU.ActiveCfg = Release|Any CPU
		{7395F43C-A55F-4935-B59D-3B117157563F}.Release|Any CPU.Build.0 = Release|Any CPU
	EndGlobalSection
	GlobalSection(SolutionProperties) = preSolution
		HideSolutionNode = FALSE
	EndGlobalSection
	GlobalSection(ExtensibilityGlobals) = postSolution
		SolutionGuid = {21A65E6A-3445-4A7B-87CA-832E2853D7A3}
	EndGlobalSection
EndGlobal
